
Microsoft Visual Studio Solution File, Format Version 12.00
# Visual Studio 14
VisualStudioVersion = 14.0.23107.0
MinimumVisualStudioVersion = 10.0.40219.1
Project("{FAE04EC0-301F-11D3-BF4B-00C04F79EFBC}") = "HW_CSharp_09-11.09", "HW_CSharp_09-11.09\HW_CSharp_09-11.09.csproj", "{1AEADA79-11E8-4837-9E2A-5354DA0B27B3}"
EndProject
Global
	GlobalSection(SolutionConfigurationPlatforms) = preSolution
		Debug|Any CPU = Debug|Any CPU
		Release|Any CPU = Release|Any CPU
	EndGlobalSection
	GlobalSection(ProjectConfigurationPlatforms) = postSolution
		{1AEADA79-11E8-4837-9E2A-5354DA0B27B3}.Debug|Any CPU.ActiveCfg = Debug|Any CPU
		{1AEADA79-11E8-4837-9E2A-5354DA0B27B3}.Debug|Any CPU.Build.0 = Debug|Any CPU
		{1AEADA79-11E8-4837-9E2A-5354DA0B27B3}.Release|Any CPU.ActiveCfg = Release|Any CPU
		{1AEADA79-11E8-4837-9E2A-5354DA0B27B3}.Release|Any CPU.Build.0 = Release|Any CPU
	EndGlobalSection
	GlobalSection(SolutionProperties) = preSolution
		HideSolutionNode = FALSE
	EndGlobalSection
EndGlobal
